// !$*UTF8*$!
{
	archiveVersion = 1;
	classes = {
	};
	objectVersion = 54;
	objects = {

/* Begin PBXBuildFile section */
		0A8DFD555138586953C3D048 /* DocScanAIApp.swift in Sources */ = {isa = PBXBuildFile; fileRef = 96085602DE00794B07DFC577 /* DocScanAIApp.swift */; };
		10E68EDDF4196F43085AD128 /* DocScanAIWidget.swift in Sources */ = {isa = PBXBuildFile; fileRef = 2FD25A43F6FB94DED8869FD8 /* DocScanAIWidget.swift */; };
		12C0AEA6289BDD4212CCEBF9 /* ContentView.swift in Sources */ = {isa = PBXBuildFile; fileRef = 1C1D796250C9B39A07CF8BC4 /* ContentView.swift */; };
		2CF17D30D94F1F38B78AD214 /* ScanViewController.swift in Sources */ = {isa = PBXBuildFile; fileRef = 7C77E3D704413BB0F4C6F430 /* ScanViewController.swift */; };
		2D6AAD8E0127374CDE613C46 /* LibraryViewController.swift in Sources */ = {isa = PBXBuildFile; fileRef = 27A6C56B82005C943A2F7E77 /* LibraryViewController.swift */; };
		34DD5EBE84B7CF348B902A98 /* SignatureViewController.swift in Sources */ = {isa = PBXBuildFile; fileRef = 0BF20D4F93C470DC06A82C1C /* SignatureViewController.swift */; };
		4F0A0169949130CB7B6CD586 /* ClaudeAPIService.swift in Sources */ = {isa = PBXBuildFile; fileRef = B4872D09DBBB5C5B4A0BDB4E /* ClaudeAPIService.swift */; };
		562C3D3E0DF441BFD7E9EF6B /* ScanService.swift in Sources */ = {isa = PBXBuildFile; fileRef = 4FA01AF3076A9BEF16B436C2 /* ScanService.swift */; };
		5E6D0BDE4653C0F2F3B798C2 /* AnnotationService.swift in Sources */ = {isa = PBXBuildFile; fileRef = A32E1809DD48D26E9A51A127 /* AnnotationService.swift */; };
		73E5FF1AB7CBFC41E0B7DC38 /* AIProcessingViewController.swift in Sources */ = {isa = PBXBuildFile; fileRef = B34BA686FB4B7ADBBAEF96A9 /* AIProcessingViewController.swift */; };
		74291EF71EA150C275A88BEE /* OCRResult.swift in Sources */ = {isa = PBXBuildFile; fileRef = 1DF4E12176F4A25ABF43D105 /* OCRResult.swift */; };
		7D3324BF30976A098352C927 /* DocumentModels.swift in Sources */ = {isa = PBXBuildFile; fileRef = 950758A248280F58921DB129 /* DocumentModels.swift */; };
		80E5668523E1C415BFDA44C7 /* OCRService.swift in Sources */ = {isa = PBXBuildFile; fileRef = 8B032F5DE7F73060293C8C2B /* OCRService.swift */; };
		9BCBFC0DCD96C1A6AA891705 /* DocScanAI.xcdatamodeld in Sources */ = {isa = PBXBuildFile; fileRef = 256814D5E20B9F3B4360D5C3 /* DocScanAI.xcdatamodeld */; };
		ABCA2F6E6DAA77F0846E5521 /* HapticManager.swift in Sources */ = {isa = PBXBuildFile; fileRef = 03D6B4F4222B424B7C1147BF /* HapticManager.swift */; };
		AEE4F607DA7055BE31F4ED39 /* SettingsViewController.swift in Sources */ = {isa = PBXBuildFile; fileRef = 295FC8A69C67265487A806EB /* SettingsViewController.swift */; };
		B914D9AE4C29CC44BB48168C /* BiometricLockManager.swift in Sources */ = {isa = PBXBuildFile; fileRef = 62861E91A4A8AD6AFE9870B0 /* BiometricLockManager.swift */; };
		C26FE1C26B4CBA2CB3FC8F46 /* DocumentDetailViewController.swift in Sources */ = {isa = PBXBuildFile; fileRef = 3C813EE87629F6C24770E31A /* DocumentDetailViewController.swift */; };
		C8A668045EA7A132ECC5FBDD /* ScanPreviewViewController.swift in Sources */ = {isa = PBXBuildFile; fileRef = 3E560225FF46C1A7F6C762D1 /* ScanPreviewViewController.swift */; };
		D9C539B17BB2F5826A50FA3E /* DocumentAIProcessor.swift in Sources */ = {isa = PBXBuildFile; fileRef = 9AD8D51EDA4289C6F2068DB0 /* DocumentAIProcessor.swift */; };
		E4194AF7833778B6E555E4EB /* SceneDelegate.swift in Sources */ = {isa = PBXBuildFile; fileRef = EC87AE1378B7F11D15116B35 /* SceneDelegate.swift */; };
		EF4D3AF92405C8BC62A18067 /* AnnotationToolbarViewController.swift in Sources */ = {isa = PBXBuildFile; fileRef = 3907B277CAB233D323BD83F4 /* AnnotationToolbarViewController.swift */; };
/* End PBXBuildFile section */

/* Begin PBXContainerItemProxy section */
		B418000A1838121D7F140B6D /* PBXContainerItemProxy */ = {
			isa = PBXContainerItemProxy;
			containerPortal = BDDE2A1FA4405008B5D1F244 /* Project object */;
			proxyType = 1;
			remoteGlobalIDString = 6CF08A5D00B036FF7D410DDD;
			remoteInfo = DocScanAI;
		};
/* End PBXContainerItemProxy section */

/* Begin PBXFileReference section */
		03D6B4F4222B424B7C1147BF /* HapticManager.swift */ = {isa = PBXFileReference; lastKnownFileType = sourcecode.swift; path = HapticManager.swift; sourceTree = "<group>"; };
		0BF20D4F93C470DC06A82C1C /* SignatureViewController.swift */ = {isa = PBXFileReference; lastKnownFileType = sourcecode.swift; path = SignatureViewController.swift; sourceTree = "<group>"; };
		1C1D796250C9B39A07CF8BC4 /* ContentView.swift */ = {isa = PBXFileReference; lastKnownFileType = sourcecode.swift; path = ContentView.swift; sourceTree = "<group>"; };
		1DF4E12176F4A25ABF43D105 /* OCRResult.swift */ = {isa = PBXFileReference; lastKnownFileType = sourcecode.swift; path = OCRResult.swift; sourceTree = "<group>"; };
		27A6C56B82005C943A2F7E77 /* LibraryViewController.swift */ = {isa = PBXFileReference; lastKnownFileType = sourcecode.swift; path = LibraryViewController.swift; sourceTree = "<group>"; };
		295FC8A69C67265487A806EB /* SettingsViewController.swift */ = {isa = PBXFileReference; lastKnownFileType = sourcecode.swift; path = SettingsViewController.swift; sourceTree = "<group>"; };
		2FD25A43F6FB94DED8869FD8 /* DocScanAIWidget.swift */ = {isa = PBXFileReference; lastKnownFileType = sourcecode.swift; path = DocScanAIWidget.swift; sourceTree = "<group>"; };
		3907B277CAB233D323BD83F4 /* AnnotationToolbarViewController.swift */ = {isa = PBXFileReference; lastKnownFileType = sourcecode.swift; path = AnnotationToolbarViewController.swift; sourceTree = "<group>"; };
		3C813EE87629F6C24770E31A /* DocumentDetailViewController.swift */ = {isa = PBXFileReference; lastKnownFileType = sourcecode.swift; path = DocumentDetailViewController.swift; sourceTree = "<group>"; };
		3E560225FF46C1A7F6C762D1 /* ScanPreviewViewController.swift */ = {isa = PBXFileReference; lastKnownFileType = sourcecode.swift; path = ScanPreviewViewController.swift; sourceTree = "<group>"; };
		4FA01AF3076A9BEF16B436C2 /* ScanService.swift */ = {isa = PBXFileReference; lastKnownFileType = sourcecode.swift; path = ScanService.swift; sourceTree = "<group>"; };
		62861E91A4A8AD6AFE9870B0 /* BiometricLockManager.swift */ = {isa = PBXFileReference; lastKnownFileType = sourcecode.swift; path = BiometricLockManager.swift; sourceTree = "<group>"; };
		7C77E3D704413BB0F4C6F430 /* ScanViewController.swift */ = {isa = PBXFileReference; lastKnownFileType = sourcecode.swift; path = ScanViewController.swift; sourceTree = "<group>"; };
		892B92599C0A7AD5B83793FB /* Info.plist */ = {isa = PBXFileReference; lastKnownFileType = text.plist; path = Info.plist; sourceTree = "<group>"; };
		8A40DE87BD5C93AC17C88B75 /* DocScanAI.app */ = {isa = PBXFileReference; includeInIndex = 0; lastKnownFileType = wrapper.application; path = DocScanAI.app; sourceTree = BUILT_PRODUCTS_DIR; };
		8B032F5DE7F73060293C8C2B /* OCRService.swift */ = {isa = PBXFileReference; lastKnownFileType = sourcecode.swift; path = OCRService.swift; sourceTree = "<group>"; };
		950758A248280F58921DB129 /* DocumentModels.swift */ = {isa = PBXFileReference; lastKnownFileType = sourcecode.swift; path = DocumentModels.swift; sourceTree = "<group>"; };
		96085602DE00794B07DFC577 /* DocScanAIApp.swift */ = {isa = PBXFileReference; lastKnownFileType = sourcecode.swift; path = DocScanAIApp.swift; sourceTree = "<group>"; };
		9AD8D51EDA4289C6F2068DB0 /* DocumentAIProcessor.swift */ = {isa = PBXFileReference; lastKnownFileType = sourcecode.swift; path = DocumentAIProcessor.swift; sourceTree = "<group>"; };
		9EF9F4C133DA497EE96FEC22 /* DocScanAIWidget.appex */ = {isa = PBXFileReference; includeInIndex = 0; lastKnownFileType = "wrapper.app-extension"; path = DocScanAIWidget.appex; sourceTree = BUILT_PRODUCTS_DIR; };
		A32E1809DD48D26E9A51A127 /* AnnotationService.swift */ = {isa = PBXFileReference; lastKnownFileType = sourcecode.swift; path = AnnotationService.swift; sourceTree = "<group>"; };
		B0A4FAE5DC90704CDE86F44E /* DocScanAIWidget.entitlements */ = {isa = PBXFileReference; lastKnownFileType = text.plist.entitlements; path = DocScanAIWidget.entitlements; sourceTree = "<group>"; };
		B34BA686FB4B7ADBBAEF96A9 /* AIProcessingViewController.swift */ = {isa = PBXFileReference; lastKnownFileType = sourcecode.swift; path = AIProcessingViewController.swift; sourceTree = "<group>"; };
		B4872D09DBBB5C5B4A0BDB4E /* ClaudeAPIService.swift */ = {isa = PBXFileReference; lastKnownFileType = sourcecode.swift; path = ClaudeAPIService.swift; sourceTree = "<group>"; };
		C8F4F341CCF70B732740ABDC /* Info.plist */ = {isa = PBXFileReference; lastKnownFileType = text.plist; path = Info.plist; sourceTree = "<group>"; };
		EA6AA76981AE1CFE4FE0157D /* DocScanAI.xcdatamodel */ = {isa = PBXFileReference; lastKnownFileType = wrapper.xcdatamodel; path = DocScanAI.xcdatamodel; sourceTree = "<group>"; };
		EC5163E8AA337ACF50DD2755 /* DocScanAI.entitlements */ = {isa = PBXFileReference; lastKnownFileType = text.plist.entitlements; path = DocScanAI.entitlements; sourceTree = "<group>"; };
		EC87AE1378B7F11D15116B35 /* SceneDelegate.swift */ = {isa = PBXFileReference; lastKnownFileType = sourcecode.swift; path = SceneDelegate.swift; sourceTree = "<group>"; };
/* End PBXFileReference section */

/* Begin PBXGroup section */
		46138BAC7BAB35627502698A /* Views */ = {
			isa = PBXGroup;
			children = (
				76AC2386022A8AF346A1DC89 /* Components */,
				B34BA686FB4B7ADBBAEF96A9 /* AIProcessingViewController.swift */,
				3907B277CAB233D323BD83F4 /* AnnotationToolbarViewController.swift */,
				1C1D796250C9B39A07CF8BC4 /* ContentView.swift */,
				3C813EE87629F6C24770E31A /* DocumentDetailViewController.swift */,
				27A6C56B82005C943A2F7E77 /* LibraryViewController.swift */,
				3E560225FF46C1A7F6C762D1 /* ScanPreviewViewController.swift */,
				7C77E3D704413BB0F4C6F430 /* ScanViewController.swift */,
				295FC8A69C67265487A806EB /* SettingsViewController.swift */,
				0BF20D4F93C470DC06A82C1C /* SignatureViewController.swift */,
			);
			path = Views;
			sourceTree = "<group>";
		};
		4A80BF59C5F1B9B74D511760 /* Services */ = {
			isa = PBXGroup;
			children = (
				A32E1809DD48D26E9A51A127 /* AnnotationService.swift */,
				62861E91A4A8AD6AFE9870B0 /* BiometricLockManager.swift */,
				B4872D09DBBB5C5B4A0BDB4E /* ClaudeAPIService.swift */,
				9AD8D51EDA4289C6F2068DB0 /* DocumentAIProcessor.swift */,
				03D6B4F4222B424B7C1147BF /* HapticManager.swift */,
				8B032F5DE7F73060293C8C2B /* OCRService.swift */,
				4FA01AF3076A9BEF16B436C2 /* ScanService.swift */,
			);
			path = Services;
			sourceTree = "<group>";
		};
		65C951A85552E9275C257641 /* Models */ = {
			isa = PBXGroup;
			children = (
				950758A248280F58921DB129 /* DocumentModels.swift */,
				1DF4E12176F4A25ABF43D105 /* OCRResult.swift */,
			);
			path = Models;
			sourceTree = "<group>";
		};
		67B6838BF7F2930334C0DC91 /* DocScanAIWidget */ = {
			isa = PBXGroup;
			children = (
				B0A4FAE5DC90704CDE86F44E /* DocScanAIWidget.entitlements */,
				2FD25A43F6FB94DED8869FD8 /* DocScanAIWidget.swift */,
				892B92599C0A7AD5B83793FB /* Info.plist */,
			);
			path = DocScanAIWidget;
			sourceTree = "<group>";
		};
		76AC2386022A8AF346A1DC89 /* Components */ = {
			isa = PBXGroup;
			children = (
			);
			path = Components;
			sourceTree = "<group>";
		};
		90A574484FC8A5360BE30C65 /* Products */ = {
			isa = PBXGroup;
			children = (
				8A40DE87BD5C93AC17C88B75 /* DocScanAI.app */,
				9EF9F4C133DA497EE96FEC22 /* DocScanAIWidget.appex */,
			);
			name = Products;
			sourceTree = "<group>";
		};
		BE9B8E7873706480C28AA240 = {
			isa = PBXGroup;
			children = (
				F0008789903CB41EE06C4A1A /* App */,
				67B6838BF7F2930334C0DC91 /* DocScanAIWidget */,
				65C951A85552E9275C257641 /* Models */,
				4A80BF59C5F1B9B74D511760 /* Services */,
				46138BAC7BAB35627502698A /* Views */,
				90A574484FC8A5360BE30C65 /* Products */,
			);
			sourceTree = "<group>";
		};
		F0008789903CB41EE06C4A1A /* App */ = {
			isa = PBXGroup;
			children = (
				EC5163E8AA337ACF50DD2755 /* DocScanAI.entitlements */,
				256814D5E20B9F3B4360D5C3 /* DocScanAI.xcdatamodeld */,
				96085602DE00794B07DFC577 /* DocScanAIApp.swift */,
				C8F4F341CCF70B732740ABDC /* Info.plist */,
				EC87AE1378B7F11D15116B35 /* SceneDelegate.swift */,
			);
			path = App;
			sourceTree = "<group>";
		};
/* End PBXGroup section */

/* Begin PBXNativeTarget section */
		2D005FAB4FF5169038F25DF1 /* DocScanAIWidget */ = {
			isa = PBXNativeTarget;
			buildConfigurationList = 41E80C892156C6165F893A10 /* Build configuration list for PBXNativeTarget "DocScanAIWidget" */;
			buildPhases = (
				262B6E96752A7DC763BE1D13 /* Sources */,
			);
			buildRules = (
			);
			dependencies = (
				1A2BB9BAFC91592F47C1F951 /* PBXTargetDependency */,
			);
			name = DocScanAIWidget;
			productName = DocScanAIWidget;
			productReference = 9EF9F4C133DA497EE96FEC22 /* DocScanAIWidget.appex */;
			productType = "com.apple.product-type.app-extension";
		};
		6CF08A5D00B036FF7D410DDD /* DocScanAI */ = {
			isa = PBXNativeTarget;
			buildConfigurationList = 7650F3285D87F05FCCE2C51C /* Build configuration list for PBXNativeTarget "DocScanAI" */;
			buildPhases = (
				9077C998CFF1D3DFF32EDF11 /* Sources */,
			);
			buildRules = (
			);
			dependencies = (
			);
			name = DocScanAI;
			productName = DocScanAI;
			productReference = 8A40DE87BD5C93AC17C88B75 /* DocScanAI.app */;
			productType = "com.apple.product-type.application";
		};
/* End PBXNativeTarget section */

/* Begin PBXProject section */
		BDDE2A1FA4405008B5D1F244 /* Project object */ = {
			isa = PBXProject;
			attributes = {
				BuildIndependentTargetsInParallel = YES;
				LastUpgradeCheck = 1430;
				TargetAttributes = {
					2D005FAB4FF5169038F25DF1 = {
						DevelopmentTeam = "";
						ProvisioningStyle = Automatic;
					};
					6CF08A5D00B036FF7D410DDD = {
						DevelopmentTeam = "";
						ProvisioningStyle = Automatic;
					};
				};
			};
			buildConfigurationList = D8D950121228A7AD1E6562FF /* Build configuration list for PBXProject "DocScanAI" */;
			compatibilityVersion = "Xcode 14.0";
			developmentRegion = en;
			hasScannedForEncodings = 0;
			knownRegions = (
				Base,
				en,
			);
			mainGroup = BE9B8E7873706480C28AA240;
			projectDirPath = "";
			projectRoot = "";
			targets = (
				6CF08A5D00B036FF7D410DDD /* DocScanAI */,
				2D005FAB4FF5169038F25DF1 /* DocScanAIWidget */,
			);
		};
/* End PBXProject section */

/* Begin PBXSourcesBuildPhase section */
		262B6E96752A7DC763BE1D13 /* Sources */ = {
			isa = PBXSourcesBuildPhase;
			buildActionMask = 2147483647;
			files = (
				10E68EDDF4196F43085AD128 /* DocScanAIWidget.swift in Sources */,
			);
			runOnlyForDeploymentPostprocessing = 0;
		};
		9077C998CFF1D3DFF32EDF11 /* Sources */ = {
			isa = PBXSourcesBuildPhase;
			buildActionMask = 2147483647;
			files = (
				73E5FF1AB7CBFC41E0B7DC38 /* AIProcessingViewController.swift in Sources */,
				5E6D0BDE4653C0F2F3B798C2 /* AnnotationService.swift in Sources */,
				EF4D3AF92405C8BC62A18067 /* AnnotationToolbarViewController.swift in Sources */,
				B914D9AE4C29CC44BB48168C /* BiometricLockManager.swift in Sources */,
				4F0A0169949130CB7B6CD586 /* ClaudeAPIService.swift in Sources */,
				12C0AEA6289BDD4212CCEBF9 /* ContentView.swift in Sources */,
				9BCBFC0DCD96C1A6AA891705 /* DocScanAI.xcdatamodeld in Sources */,
				0A8DFD555138586953C3D048 /* DocScanAIApp.swift in Sources */,
				D9C539B17BB2F5826A50FA3E /* DocumentAIProcessor.swift in Sources */,
				C26FE1C26B4CBA2CB3FC8F46 /* DocumentDetailViewController.swift in Sources */,
				7D3324BF30976A098352C927 /* DocumentModels.swift in Sources */,
				ABCA2F6E6DAA77F0846E5521 /* HapticManager.swift in Sources */,
				2D6AAD8E0127374CDE613C46 /* LibraryViewController.swift in Sources */,
				74291EF71EA150C275A88BEE /* OCRResult.swift in Sources */,
				80E5668523E1C415BFDA44C7 /* OCRService.swift in Sources */,
				C8A668045EA7A132ECC5FBDD /* ScanPreviewViewController.swift in Sources */,
				562C3D3E0DF441BFD7E9EF6B /* ScanService.swift in Sources */,
				2CF17D30D94F1F38B78AD214 /* ScanViewController.swift in Sources */,
				E4194AF7833778B6E555E4EB /* SceneDelegate.swift in Sources */,
				AEE4F607DA7055BE31F4ED39 /* SettingsViewController.swift in Sources */,
				34DD5EBE84B7CF348B902A98 /* SignatureViewController.swift in Sources */,
			);
			runOnlyForDeploymentPostprocessing = 0;
		};
/* End PBXSourcesBuildPhase section */

/* Begin PBXTargetDependency section */
		1A2BB9BAFC91592F47C1F951 /* PBXTargetDependency */ = {
			isa = PBXTargetDependency;
			target = 6CF08A5D00B036FF7D410DDD /* DocScanAI */;
			targetProxy = B418000A1838121D7F140B6D /* PBXContainerItemProxy */;
		};
/* End PBXTargetDependency section */

/* Begin XCBuildConfiguration section */
		0C3F49A0B61261A9B5DAB814 /* Release */ = {
			isa = XCBuildConfiguration;
			buildSettings = {
				ALWAYS_SEARCH_USER_PATHS = NO;
				CLANG_ANALYZER_NONNULL = YES;
				CLANG_ANALYZER_NUMBER_OBJECT_CONVERSION = YES_AGGRESSIVE;
				CLANG_CXX_LANGUAGE_STANDARD = "gnu++14";
				CLANG_CXX_LIBRARY = "libc++";
				CLANG_ENABLE_MODULES = YES;
				CLANG_ENABLE_OBJC_ARC = YES;
				CLANG_ENABLE_OBJC_WEAK = YES;
				CLANG_WARN_BLOCK_CAPTURE_AUTORELEASING = YES;
				CLANG_WARN_BOOL_CONVERSION = YES;
				CLANG_WARN_COMMA = YES;
				CLANG_WARN_CONSTANT_CONVERSION = YES;
				CLANG_WARN_DEPRECATED_OBJC_IMPLEMENTATIONS = YES;
				CLANG_WARN_DIRECT_OBJC_ISA_USAGE = YES_ERROR;
				CLANG_WARN_DOCUMENTATION_COMMENTS = YES;
				CLANG_WARN_EMPTY_BODY = YES;
				CLANG_WARN_ENUM_CONVERSION = YES;
				CLANG_WARN_INFINITE_RECURSION = YES;
				CLANG_WARN_INT_CONVERSION = YES;
				CLANG_WARN_NON_LITERAL_NULL_CONVERSION = YES;
				CLANG_WARN_OBJC_IMPLICIT_RETAIN_SELF = YES;
				CLANG_WARN_OBJC_LITERAL_CONVERSION = YES;
				CLANG_WARN_OBJC_ROOT_CLASS = YES_ERROR;
				CLANG_WARN_QUOTED_INCLUDE_IN_FRAMEWORK_HEADER = YES;
				CLANG_WARN_RANGE_LOOP_ANALYSIS = YES;
				CLANG_WARN_STRICT_PROTOTYPES = YES;
				CLANG_WARN_SUSPICIOUS_MOVE = YES;
				CLANG_WARN_UNGUARDED_AVAILABILITY = YES_AGGRESSIVE;
				CLANG_WARN_UNREACHABLE_CODE = YES;
				CLANG_WARN__DUPLICATE_METHOD_MATCH = YES;
				CODE_SIGN_STYLE = Automatic;
				COPY_PHASE_STRIP = NO;
				CURRENT_PROJECT_VERSION = 1;
				DEBUG_INFORMATION_FORMAT = "dwarf-with-dsym";
				DEVELOPMENT_TEAM = "";
				ENABLE_NS_ASSERTIONS = NO;
				ENABLE_STRICT_OBJC_MSGSEND = YES;
				GCC_C_LANGUAGE_STANDARD = gnu11;
				GCC_NO_COMMON_BLOCKS = YES;
				GCC_WARN_64_TO_32_BIT_CONVERSION = YES;
				GCC_WARN_ABOUT_RETURN_TYPE = YES_ERROR;
				GCC_WARN_UNDECLARED_SELECTOR = YES;
				GCC_WARN_UNINITIALIZED_AUTOS = YES_AGGRESSIVE;
				GCC_WARN_UNUSED_FUNCTION = YES;
				GCC_WARN_UNUSED_VARIABLE = YES;
				GENERATE_INFOPLIST_FILE = NO;
				IPHONEOS_DEPLOYMENT_TARGET = 16.4;
				MARKETING_VERSION = 1.0.0;
				MTL_ENABLE_DEBUG_INFO = NO;
				MTL_FAST_MATH = YES;
				PRODUCT_NAME = "$(TARGET_NAME)";
				SDKROOT = iphoneos;
				SWIFT_COMPILATION_MODE = wholemodule;
				SWIFT_OPTIMIZATION_LEVEL = "-O";
				SWIFT_VERSION = 5.8;
			};
			name = Release;
		};
		0D3E7D91422E135B44A5FFA3 /* Debug */ = {
			isa = XCBuildConfiguration;
			buildSettings = {
				ASSETCATALOG_COMPILER_WIDGET_BACKGROUND_COLOR_NAME = WidgetBackground;
				CODE_SIGN_ENTITLEMENTS = DocScanAIWidget/DocScanAIWidget.entitlements;
				INFOPLIST_FILE = DocScanAIWidget/Info.plist;
				LD_RUNPATH_SEARCH_PATHS = (
					"$(inherited)",
					"@executable_path/Frameworks",
					"@executable_path/../../Frameworks",
				);
				PRODUCT_BUNDLE_IDENTIFIER = com.docscanai.app.widget;
				SDKROOT = iphoneos;
				SKIP_INSTALL = YES;
				TARGETED_DEVICE_FAMILY = "1,2";
			};
			name = Debug;
		};
		405B6759B6D339CD00DF29C9 /* Release */ = {
			isa = XCBuildConfiguration;
			buildSettings = {
				ASSETCATALOG_COMPILER_WIDGET_BACKGROUND_COLOR_NAME = WidgetBackground;
				CODE_SIGN_ENTITLEMENTS = DocScanAIWidget/DocScanAIWidget.entitlements;
				INFOPLIST_FILE = DocScanAIWidget/Info.plist;
				LD_RUNPATH_SEARCH_PATHS = (
					"$(inherited)",
					"@executable_path/Frameworks",
					"@executable_path/../../Frameworks",
				);
				PRODUCT_BUNDLE_IDENTIFIER = com.docscanai.app.widget;
				SDKROOT = iphoneos;
				SKIP_INSTALL = YES;
				TARGETED_DEVICE_FAMILY = "1,2";
			};
			name = Release;
		};
		70B0B56B6079F7396D48DAF3 /* Release */ = {
			isa = XCBuildConfiguration;
			buildSettings = {
				ASSETCATALOG_COMPILER_APPICON_NAME = AppIcon;
				ASSETCATALOG_COMPILER_GLOBAL_ACCENT_COLOR_NAME = AccentColor;
				CODE_SIGN_ENTITLEMENTS = App/DocScanAI.entitlements;
				CODE_SIGN_IDENTITY = "iPhone Developer";
				INFOPLIST_FILE = App/Info.plist;
				LD_RUNPATH_SEARCH_PATHS = (
					"$(inherited)",
					"@executable_path/Frameworks",
				);
				PRODUCT_BUNDLE_IDENTIFIER = com.docscanai.app;
				SDKROOT = iphoneos;
				SWIFT_EMIT_LOC_STRINGS = YES;
				TARGETED_DEVICE_FAMILY = "1,2";
			};
			name = Release;
		};
		B2042B71A3A8D52A710AB9CB /* Debug */ = {
			isa = XCBuildConfiguration;
			buildSettings = {
				ASSETCATALOG_COMPILER_APPICON_NAME = AppIcon;
				ASSETCATALOG_COMPILER_GLOBAL_ACCENT_COLOR_NAME = AccentColor;
				CODE_SIGN_ENTITLEMENTS = App/DocScanAI.entitlements;
				CODE_SIGN_IDENTITY = "iPhone Developer";
				INFOPLIST_FILE = App/Info.plist;
				LD_RUNPATH_SEARCH_PATHS = (
					"$(inherited)",
					"@executable_path/Frameworks",
				);
				PRODUCT_BUNDLE_IDENTIFIER = com.docscanai.app;
				SDKROOT = iphoneos;
				SWIFT_EMIT_LOC_STRINGS = YES;
				TARGETED_DEVICE_FAMILY = "1,2";
			};
			name = Debug;
		};
		C3C8042439789DA74B58B778 /* Debug */ = {
			isa = XCBuildConfiguration;
			buildSettings = {
				ALWAYS_SEARCH_USER_PATHS = NO;
				CLANG_ANALYZER_NONNULL = YES;
				CLANG_ANALYZER_NUMBER_OBJECT_CONVERSION = YES_AGGRESSIVE;
				CLANG_CXX_LANGUAGE_STANDARD = "gnu++14";
				CLANG_CXX_LIBRARY = "libc++";
				CLANG_ENABLE_MODULES = YES;
				CLANG_ENABLE_OBJC_ARC = YES;
				CLANG_ENABLE_OBJC_WEAK = YES;
				CLANG_WARN_BLOCK_CAPTURE_AUTORELEASING = YES;
				CLANG_WARN_BOOL_CONVERSION = YES;
				CLANG_WARN_COMMA = YES;
				CLANG_WARN_CONSTANT_CONVERSION = YES;
				CLANG_WARN_DEPRECATED_OBJC_IMPLEMENTATIONS = YES;
				CLANG_WARN_DIRECT_OBJC_ISA_USAGE = YES_ERROR;
				CLANG_WARN_DOCUMENTATION_COMMENTS = YES;
				CLANG_WARN_EMPTY_BODY = YES;
				CLANG_WARN_ENUM_CONVERSION = YES;
				CLANG_WARN_INFINITE_RECURSION = YES;
				CLANG_WARN_INT_CONVERSION = YES;
				CLANG_WARN_NON_LITERAL_NULL_CONVERSION = YES;
				CLANG_WARN_OBJC_IMPLICIT_RETAIN_SELF = YES;
				CLANG_WARN_OBJC_LITERAL_CONVERSION = YES;
				CLANG_WARN_OBJC_ROOT_CLASS = YES_ERROR;
				CLANG_WARN_QUOTED_INCLUDE_IN_FRAMEWORK_HEADER = YES;
				CLANG_WARN_RANGE_LOOP_ANALYSIS = YES;
				CLANG_WARN_STRICT_PROTOTYPES = YES;
				CLANG_WARN_SUSPICIOUS_MOVE = YES;
				CLANG_WARN_UNGUARDED_AVAILABILITY = YES_AGGRESSIVE;
				CLANG_WARN_UNREACHABLE_CODE = YES;
				CLANG_WARN__DUPLICATE_METHOD_MATCH = YES;
				CODE_SIGN_STYLE = Automatic;
				COPY_PHASE_STRIP = NO;
				CURRENT_PROJECT_VERSION = 1;
				DEBUG_INFORMATION_FORMAT = dwarf;
				DEVELOPMENT_TEAM = "";
				ENABLE_STRICT_OBJC_MSGSEND = YES;
				ENABLE_TESTABILITY = YES;
				GCC_C_LANGUAGE_STANDARD = gnu11;
				GCC_DYNAMIC_NO_PIC = NO;
				GCC_NO_COMMON_BLOCKS = YES;
				GCC_OPTIMIZATION_LEVEL = 0;
				GCC_PREPROCESSOR_DEFINITIONS = (
					"$(inherited)",
					"DEBUG=1",
				);
				GCC_WARN_64_TO_32_BIT_CONVERSION = YES;
				GCC_WARN_ABOUT_RETURN_TYPE = YES_ERROR;
				GCC_WARN_UNDECLARED_SELECTOR = YES;
				GCC_WARN_UNINITIALIZED_AUTOS = YES_AGGRESSIVE;
				GCC_WARN_UNUSED_FUNCTION = YES;
				GCC_WARN_UNUSED_VARIABLE = YES;
				GENERATE_INFOPLIST_FILE = NO;
				IPHONEOS_DEPLOYMENT_TARGET = 16.4;
				MARKETING_VERSION = 1.0.0;
				MTL_ENABLE_DEBUG_INFO = INCLUDE_SOURCE;
				MTL_FAST_MATH = YES;
				ONLY_ACTIVE_ARCH = YES;
				PRODUCT_NAME = "$(TARGET_NAME)";
				SDKROOT = iphoneos;
				SWIFT_ACTIVE_COMPILATION_CONDITIONS = DEBUG;
				SWIFT_OPTIMIZATION_LEVEL = "-Onone";
				SWIFT_VERSION = 5.8;
			};
			name = Debug;
		};
/* End XCBuildConfiguration section */

/* Begin XCConfigurationList section */
		41E80C892156C6165F893A10 /* Build configuration list for PBXNativeTarget "DocScanAIWidget" */ = {
			isa = XCConfigurationList;
			buildConfigurations = (
				0D3E7D91422E135B44A5FFA3 /* Debug */,
				405B6759B6D339CD00DF29C9 /* Release */,
			);
			defaultConfigurationIsVisible = 0;
			defaultConfigurationName = Debug;
		};
		7650F3285D87F05FCCE2C51C /* Build configuration list for PBXNativeTarget "DocScanAI" */ = {
			isa = XCConfigurationList;
			buildConfigurations = (
				B2042B71A3A8D52A710AB9CB /* Debug */,
				70B0B56B6079F7396D48DAF3 /* Release */,
			);
			defaultConfigurationIsVisible = 0;
			defaultConfigurationName = Debug;
		};
		D8D950121228A7AD1E6562FF /* Build configuration list for PBXProject "DocScanAI" */ = {
			isa = XCConfigurationList;
			buildConfigurations = (
				C3C8042439789DA74B58B778 /* Debug */,
				0C3F49A0B61261A9B5DAB814 /* Release */,
			);
			defaultConfigurationIsVisible = 0;
			defaultConfigurationName = Debug;
		};
/* End XCConfigurationList section */

/* Begin XCVersionGroup section */
		256814D5E20B9F3B4360D5C3 /* DocScanAI.xcdatamodeld */ = {
			isa = XCVersionGroup;
			children = (
				EA6AA76981AE1CFE4FE0157D /* DocScanAI.xcdatamodel */,
			);
			currentVersion = EA6AA76981AE1CFE4FE0157D /* DocScanAI.xcdatamodel */;
			path = DocScanAI.xcdatamodeld;
			sourceTree = "<group>";
			versionGroupType = wrapper.xcdatamodel;
		};
/* End XCVersionGroup section */
	};
	rootObject = BDDE2A1FA4405008B5D1F244 /* Project object */;
}
